
Microsoft Visual Studio Solution File, Format Version 12.00
# Visual Studio 15
VisualStudioVersion = 15.0.27130.2010
MinimumVisualStudioVersion = 10.0.40219.1
Project("{FAE04EC0-301F-11D3-BF4B-00C04F79EFBC}") = "ContosoUniversity", "ContosoUniversity\ContosoUniversity.csproj", "{3DF6F5BB-C08F-4A18-92E5-47A1B2530876}"
EndProject
Global
	GlobalSection(SolutionConfigurationPlatforms) = preSolution
		Debug|Any CPU = Debug|Any CPU
		Release|Any CPU = Release|Any CPU
	EndGlobalSection
	GlobalSection(ProjectConfigurationPlatforms) = postSolution
		{3DF6F5BB-C08F-4A18-92E5-47A1B2530876}.Debug|Any CPU.ActiveCfg = Debug|Any CPU
		{3DF6F5BB-C08F-4A18-92E5-47A1B2530876}.Debug|Any CPU.Build.0 = Debug|Any CPU
		{3DF6F5BB-C08F-4A18-92E5-47A1B2530876}.Release|Any CPU.ActiveCfg = Release|Any CPU
		{3DF6F5BB-C08F-4A18-92E5-47A1B2530876}.Release|Any CPU.Build.0 = Release|Any CPU
	EndGlobalSection
	GlobalSection(SolutionProperties) = preSolution
		HideSolutionNode = FALSE
	EndGlobalSection
	GlobalSection(ExtensibilityGlobals) = postSolution
		SolutionGuid = {74C946AF-1D35-49B1-9755-4B46F5B08089}
	EndGlobalSection
EndGlobal
